{
  "name": "lddemos",
  "version": "1.0.0",
  "lockfileVersion": 3,
  "requires": true,
  "packages": {
    "": {
      "name": "lddemos",
      "version": "1.0.0",
      "description": "LaunchDarkly demo app with live rollout, targeting, and experimentation",
      "license": "ISC",
      "dependencies": {
        "@launchdarkly/js-client-sdk": "^4.4.1"
      }
    },
    "node_modules/@launchdarkly/js-client-sdk": {
      "version": "4.4.1",
      "resolved": "https://registry.npmjs.org/@launchdarkly/js-client-sdk/-/js-client-sdk-4.4.1.tgz",
      "integrity": "sha512-WNi1KT5dINEKwBR+fJ+wY7tnMxPmSwTv4mIcDh338Xw6/4bEmllwesXqLkkTYEOvsrMLgmZ9p4ZulCUlQUUgFw==",
      "license": "Apache-2.0",
      "dependencies": {
        "@launchdarkly/js-client-sdk-common": "1.23.0"
      }
    },
    "node_modules/@launchdarkly/js-client-sdk-common": {
      "version": "1.23.0",
      "resolved": "https://registry.npmjs.org/@launchdarkly/js-client-sdk-common/-/js-client-sdk-common-1.23.0.tgz",
      "integrity": "sha512-fKFuvjDESwY4IvAcY1+1diwiZqfBO1bw6faVOnuMKLKrugq4FTx0DZ5W5X4523aBVYo/ZUQ/5LUvsrjp9YSTJg==",
      "license": "Apache-2.0",
      "dependencies": {
        "@launchdarkly/js-sdk-common": "2.24.0"
      }
    },
    "node_modules/@launchdarkly/js-sdk-common": {
      "version": "2.24.0",
      "resolved": "https://registry.npmjs.org/@launchdarkly/js-sdk-common/-/js-sdk-common-2.24.0.tgz",
      "integrity": "sha512-f/xRD8gl/bSOVljat79nAzX0V0QjJ76R54aAbB6PJDWL+7BWBSFMxduaeokzbX53cs3oOVajL8ej/ps7+ojMeQ==",
      "license": "Apache-2.0"
    }
  }
}
